
Microsoft Visual Studio Solution File, Format Version 12.00
# Visual Studio Version 18
VisualStudioVersion = 18.4.11626.88 stable
MinimumVisualStudioVersion = 10.0.40219.1
Project("{FAE04EC0-301F-11D3-BF4B-00C04F79EFBC}") = "xParLib", "xParLib\xParLib.csproj", "{0A85E1A1-0D1E-4F61-9F53-F4FAE2DA31D1}"
EndProject
Project("{FAE04EC0-301F-11D3-BF4B-00C04F79EFBC}") = "xpar", "xPar\xpar.csproj", "{09BCC5DA-F715-C932-EE9E-6F3F24040B28}"
EndProject
Project("{FAE04EC0-301F-11D3-BF4B-00C04F79EFBC}") = "xParTests", "xParTests\xParTests.csproj", "{7C169F5A-C0B8-3FBC-9C76-D36240CFE08C}"
EndProject
Global
	GlobalSection(SolutionConfigurationPlatforms) = preSolution
		Debug|Any CPU = Debug|Any CPU
		Debug|x64 = Debug|x64
		Debug|x86 = Debug|x86
		Release|Any CPU = Release|Any CPU
		Release|x64 = Release|x64
		Release|x86 = Release|x86
	EndGlobalSection
	GlobalSection(ProjectConfigurationPlatforms) = postSolution
		{0A85E1A1-0D1E-4F61-9F53-F4FAE2DA31D1}.Debug|Any CPU.ActiveCfg = Debug|Any CPU
		{0A85E1A1-0D1E-4F61-9F53-F4FAE2DA31D1}.Debug|Any CPU.Build.0 = Debug|Any CPU
		{0A85E1A1-0D1E-4F61-9F53-F4FAE2DA31D1}.Debug|x64.ActiveCfg = Debug|Any CPU
		{0A85E1A1-0D1E-4F61-9F53-F4FAE2DA31D1}.Debug|x64.Build.0 = Debug|Any CPU
		{0A85E1A1-0D1E-4F61-9F53-F4FAE2DA31D1}.Debug|x86.ActiveCfg = Debug|Any CPU
		{0A85E1A1-0D1E-4F61-9F53-F4FAE2DA31D1}.Debug|x86.Build.0 = Debug|Any CPU
		{0A85E1A1-0D1E-4F61-9F53-F4FAE2DA31D1}.Release|Any CPU.ActiveCfg = Release|Any CPU
		{0A85E1A1-0D1E-4F61-9F53-F4FAE2DA31D1}.Release|Any CPU.Build.0 = Release|Any CPU
		{0A85E1A1-0D1E-4F61-9F53-F4FAE2DA31D1}.Release|x64.ActiveCfg = Release|Any CPU
		{0A85E1A1-0D1E-4F61-9F53-F4FAE2DA31D1}.Release|x64.Build.0 = Release|Any CPU
		{0A85E1A1-0D1E-4F61-9F53-F4FAE2DA31D1}.Release|x86.ActiveCfg = Release|Any CPU
		{0A85E1A1-0D1E-4F61-9F53-F4FAE2DA31D1}.Release|x86.Build.0 = Release|Any CPU
		{09BCC5DA-F715-C932-EE9E-6F3F24040B28}.Debug|Any CPU.ActiveCfg = Debug|Any CPU
		{09BCC5DA-F715-C932-EE9E-6F3F24040B28}.Debug|Any CPU.Build.0 = Debug|Any CPU
		{09BCC5DA-F715-C932-EE9E-6F3F24040B28}.Debug|x64.ActiveCfg = Debug|Any CPU
		{09BCC5DA-F715-C932-EE9E-6F3F24040B28}.Debug|x64.Build.0 = Debug|Any CPU
		{09BCC5DA-F715-C932-EE9E-6F3F24040B28}.Debug|x86.ActiveCfg = Debug|Any CPU
		{09BCC5DA-F715-C932-EE9E-6F3F24040B28}.Debug|x86.Build.0 = Debug|Any CPU
		{09BCC5DA-F715-C932-EE9E-6F3F24040B28}.Release|Any CPU.ActiveCfg = Release|Any CPU
		{09BCC5DA-F715-C932-EE9E-6F3F24040B28}.Release|Any CPU.Build.0 = Release|Any CPU
		{09BCC5DA-F715-C932-EE9E-6F3F24040B28}.Release|x64.ActiveCfg = Release|Any CPU
		{09BCC5DA-F715-C932-EE9E-6F3F24040B28}.Release|x64.Build.0 = Release|Any CPU
		{09BCC5DA-F715-C932-EE9E-6F3F24040B28}.Release|x86.ActiveCfg = Release|Any CPU
		{09BCC5DA-F715-C932-EE9E-6F3F24040B28}.Release|x86.Build.0 = Release|Any CPU
		{7C169F5A-C0B8-3FBC-9C76-D36240CFE08C}.Debug|Any CPU.ActiveCfg = Debug|Any CPU
		{7C169F5A-C0B8-3FBC-9C76-D36240CFE08C}.Debug|Any CPU.Build.0 = Debug|Any CPU
		{7C169F5A-C0B8-3FBC-9C76-D36240CFE08C}.Debug|x64.ActiveCfg = Debug|Any CPU
		{7C169F5A-C0B8-3FBC-9C76-D36240CFE08C}.Debug|x64.Build.0 = Debug|Any CPU
		{7C169F5A-C0B8-3FBC-9C76-D36240CFE08C}.Debug|x86.ActiveCfg = Debug|Any CPU
		{7C169F5A-C0B8-3FBC-9C76-D36240CFE08C}.Debug|x86.Build.0 = Debug|Any CPU
		{7C169F5A-C0B8-3FBC-9C76-D36240CFE08C}.Release|Any CPU.ActiveCfg = Release|Any CPU
		{7C169F5A-C0B8-3FBC-9C76-D36240CFE08C}.Release|Any CPU.Build.0 = Release|Any CPU
		{7C169F5A-C0B8-3FBC-9C76-D36240CFE08C}.Release|x64.ActiveCfg = Release|Any CPU
		{7C169F5A-C0B8-3FBC-9C76-D36240CFE08C}.Release|x64.Build.0 = Release|Any CPU
		{7C169F5A-C0B8-3FBC-9C76-D36240CFE08C}.Release|x86.ActiveCfg = Release|Any CPU
		{7C169F5A-C0B8-3FBC-9C76-D36240CFE08C}.Release|x86.Build.0 = Release|Any CPU
	EndGlobalSection
	GlobalSection(SolutionProperties) = preSolution
		HideSolutionNode = FALSE
	EndGlobalSection
	GlobalSection(ExtensibilityGlobals) = postSolution
		SolutionGuid = {49B38C3F-3360-4932-A89F-1FB25C47D6F7}
	EndGlobalSection
EndGlobal
